// !$*UTF8*$!
{
	archiveVersion = 1;
	classes = {
	};
	objectVersion = 55;
	objects = {

/* Begin PBXBuildFile section */
		A0949EC8281900B600460EF1 /* SwiftUI_SearchApp.swift in Sources */ = {isa = PBXBuildFile; fileRef = A0949EC7281900B600460EF1 /* SwiftUI_SearchApp.swift */; };
		A0949ECA281900B600460EF1 /* ContentView.swift in Sources */ = {isa = PBXBuildFile; fileRef = A0949EC9281900B600460EF1 /* ContentView.swift */; };
		A0949ECC281900B700460EF1 /* Assets.xcassets in Resources */ = {isa = PBXBuildFile; fileRef = A0949ECB281900B700460EF1 /* Assets.xcassets */; };
		A0949ECF281900B700460EF1 /* Preview Assets.xcassets in Resources */ = {isa = PBXBuildFile; fileRef = A0949ECE281900B700460EF1 /* Preview Assets.xcassets */; };
		A0949ED6281900EB00460EF1 /* Recipes.json in Resources */ = {isa = PBXBuildFile; fileRef = A0949ED5281900EB00460EF1 /* Recipes.json */; };
		A0949ED82819014100460EF1 /* Ingredient.swift in Sources */ = {isa = PBXBuildFile; fileRef = A0949ED72819014100460EF1 /* Ingredient.swift */; };
		A0949EDA2819014E00460EF1 /* Recipe.swift in Sources */ = {isa = PBXBuildFile; fileRef = A0949ED92819014E00460EF1 /* Recipe.swift */; };
		A0949EDC2819015C00460EF1 /* ChefRecipesModel.swift in Sources */ = {isa = PBXBuildFile; fileRef = A0949EDB2819015C00460EF1 /* ChefRecipesModel.swift */; };
		A0949EDF2819019600460EF1 /* IngredientView.swift in Sources */ = {isa = PBXBuildFile; fileRef = A0949EDE2819019600460EF1 /* IngredientView.swift */; };
		A0949EE12819019F00460EF1 /* RecipeImage.swift in Sources */ = {isa = PBXBuildFile; fileRef = A0949EE02819019F00460EF1 /* RecipeImage.swift */; };
		A0949EE3281901A700460EF1 /* RecipeDetailView.swift in Sources */ = {isa = PBXBuildFile; fileRef = A0949EE2281901A700460EF1 /* RecipeDetailView.swift */; };
		A0949EE5281901BB00460EF1 /* RecipesView.swift in Sources */ = {isa = PBXBuildFile; fileRef = A0949EE4281901BB00460EF1 /* RecipesView.swift */; };
/* End PBXBuildFile section */

/* Begin PBXFileReference section */
		A0949EC4281900B600460EF1 /* SwiftUI_Search.app */ = {isa = PBXFileReference; explicitFileType = wrapper.application; includeInIndex = 0; path = SwiftUI_Search.app; sourceTree = BUILT_PRODUCTS_DIR; };
		A0949EC7281900B600460EF1 /* SwiftUI_SearchApp.swift */ = {isa = PBXFileReference; lastKnownFileType = sourcecode.swift; path = SwiftUI_SearchApp.swift; sourceTree = "<group>"; };
		A0949EC9281900B600460EF1 /* ContentView.swift */ = {isa = PBXFileReference; lastKnownFileType = sourcecode.swift; path = ContentView.swift; sourceTree = "<group>"; };
		A0949ECB281900B700460EF1 /* Assets.xcassets */ = {isa = PBXFileReference; lastKnownFileType = folder.assetcatalog; path = Assets.xcassets; sourceTree = "<group>"; };
		A0949ECE281900B700460EF1 /* Preview Assets.xcassets */ = {isa = PBXFileReference; lastKnownFileType = folder.assetcatalog; path = "Preview Assets.xcassets"; sourceTree = "<group>"; };
		A0949ED5281900EB00460EF1 /* Recipes.json */ = {isa = PBXFileReference; fileEncoding = 4; lastKnownFileType = text.json; path = Recipes.json; sourceTree = "<group>"; };
		A0949ED72819014100460EF1 /* Ingredient.swift */ = {isa = PBXFileReference; lastKnownFileType = sourcecode.swift; path = Ingredient.swift; sourceTree = "<group>"; };
		A0949ED92819014E00460EF1 /* Recipe.swift */ = {isa = PBXFileReference; lastKnownFileType = sourcecode.swift; path = Recipe.swift; sourceTree = "<group>"; };
		A0949EDB2819015C00460EF1 /* ChefRecipesModel.swift */ = {isa = PBXFileReference; lastKnownFileType = sourcecode.swift; path = ChefRecipesModel.swift; sourceTree = "<group>"; };
		A0949EDE2819019600460EF1 /* IngredientView.swift */ = {isa = PBXFileReference; lastKnownFileType = sourcecode.swift; path = IngredientView.swift; sourceTree = "<group>"; };
		A0949EE02819019F00460EF1 /* RecipeImage.swift */ = {isa = PBXFileReference; lastKnownFileType = sourcecode.swift; path = RecipeImage.swift; sourceTree = "<group>"; };
		A0949EE2281901A700460EF1 /* RecipeDetailView.swift */ = {isa = PBXFileReference; lastKnownFileType = sourcecode.swift; path = RecipeDetailView.swift; sourceTree = "<group>"; };
		A0949EE4281901BB00460EF1 /* RecipesView.swift */ = {isa = PBXFileReference; lastKnownFileType = sourcecode.swift; path = RecipesView.swift; sourceTree = "<group>"; };
/* End PBXFileReference section */

/* Begin PBXFrameworksBuildPhase section */
		A0949EC1281900B600460EF1 /* Frameworks */ = {
			isa = PBXFrameworksBuildPhase;
			buildActionMask = 2147483647;
			files = (
			);
			runOnlyForDeploymentPostprocessing = 0;
		};
/* End PBXFrameworksBuildPhase section */

/* Begin PBXGroup section */
		A0949EBB281900B600460EF1 = {
			isa = PBXGroup;
			children = (
				A0949EC6281900B600460EF1 /* SwiftUI_Search */,
				A0949EC5281900B600460EF1 /* Products */,
			);
			sourceTree = "<group>";
		};
		A0949EC5281900B600460EF1 /* Products */ = {
			isa = PBXGroup;
			children = (
				A0949EC4281900B600460EF1 /* SwiftUI_Search.app */,
			);
			name = Products;
			sourceTree = "<group>";
		};
		A0949EC6281900B600460EF1 /* SwiftUI_Search */ = {
			isa = PBXGroup;
			children = (
				A0949EC7281900B600460EF1 /* SwiftUI_SearchApp.swift */,
				A0949EE8281901E200460EF1 /* Views */,
				A0949EDD2819016000460EF1 /* Model */,
				A0949ECB281900B700460EF1 /* Assets.xcassets */,
				A0949ECD281900B700460EF1 /* Preview Content */,
			);
			path = SwiftUI_Search;
			sourceTree = "<group>";
		};
		A0949ECD281900B700460EF1 /* Preview Content */ = {
			isa = PBXGroup;
			children = (
				A0949ECE281900B700460EF1 /* Preview Assets.xcassets */,
			);
			path = "Preview Content";
			sourceTree = "<group>";
		};
		A0949EDD2819016000460EF1 /* Model */ = {
			isa = PBXGroup;
			children = (
				A0949EDB2819015C00460EF1 /* ChefRecipesModel.swift */,
				A0949ED92819014E00460EF1 /* Recipe.swift */,
				A0949ED72819014100460EF1 /* Ingredient.swift */,
				A0949ED5281900EB00460EF1 /* Recipes.json */,
			);
			path = Model;
			sourceTree = "<group>";
		};
		A0949EE6281901C200460EF1 /* RecipeDetail */ = {
			isa = PBXGroup;
			children = (
				A0949EE2281901A700460EF1 /* RecipeDetailView.swift */,
				A0949EE02819019F00460EF1 /* RecipeImage.swift */,
				A0949EDE2819019600460EF1 /* IngredientView.swift */,
			);
			path = RecipeDetail;
			sourceTree = "<group>";
		};
		A0949EE7281901D300460EF1 /* RecipeView */ = {
			isa = PBXGroup;
			children = (
				A0949EE4281901BB00460EF1 /* RecipesView.swift */,
			);
			path = RecipeView;
			sourceTree = "<group>";
		};
		A0949EE8281901E200460EF1 /* Views */ = {
			isa = PBXGroup;
			children = (
				A0949EC9281900B600460EF1 /* ContentView.swift */,
				A0949EE7281901D300460EF1 /* RecipeView */,
				A0949EE6281901C200460EF1 /* RecipeDetail */,
			);
			path = Views;
			sourceTree = "<group>";
		};
/* End PBXGroup section */

/* Begin PBXNativeTarget section */
		A0949EC3281900B600460EF1 /* SwiftUI_Search */ = {
			isa = PBXNativeTarget;
			buildConfigurationList = A0949ED2281900B700460EF1 /* Build configuration list for PBXNativeTarget "SwiftUI_Search" */;
			buildPhases = (
				A0949EC0281900B600460EF1 /* Sources */,
				A0949EC1281900B600460EF1 /* Frameworks */,
				A0949EC2281900B600460EF1 /* Resources */,
			);
			buildRules = (
			);
			dependencies = (
			);
			name = SwiftUI_Search;
			productName = SwiftUI_Search;
			productReference = A0949EC4281900B600460EF1 /* SwiftUI_Search.app */;
			productType = "com.apple.product-type.application";
		};
/* End PBXNativeTarget section */

/* Begin PBXProject section */
		A0949EBC281900B600460EF1 /* Project object */ = {
			isa = PBXProject;
			attributes = {
				BuildIndependentTargetsInParallel = 1;
				LastSwiftUpdateCheck = 1330;
				LastUpgradeCheck = 1330;
				TargetAttributes = {
					A0949EC3281900B600460EF1 = {
						CreatedOnToolsVersion = 13.3.1;
					};
				};
			};
			buildConfigurationList = A0949EBF281900B600460EF1 /* Build configuration list for PBXProject "SwiftUI_Search" */;
			compatibilityVersion = "Xcode 13.0";
			developmentRegion = en;
			hasScannedForEncodings = 0;
			knownRegions = (
				en,
				Base,
			);
			mainGroup = A0949EBB281900B600460EF1;
			productRefGroup = A0949EC5281900B600460EF1 /* Products */;
			projectDirPath = "";
			projectRoot = "";
			targets = (
				A0949EC3281900B600460EF1 /* SwiftUI_Search */,
			);
		};
/* End PBXProject section */

/* Begin PBXResourcesBuildPhase section */
		A0949EC2281900B600460EF1 /* Resources */ = {
			isa = PBXResourcesBuildPhase;
			buildActionMask = 2147483647;
			files = (
				A0949ECF281900B700460EF1 /* Preview Assets.xcassets in Resources */,
				A0949ED6281900EB00460EF1 /* Recipes.json in Resources */,
				A0949ECC281900B700460EF1 /* Assets.xcassets in Resources */,
			);
			runOnlyForDeploymentPostprocessing = 0;
		};
/* End PBXResourcesBuildPhase section */

/* Begin PBXSourcesBuildPhase section */
		A0949EC0281900B600460EF1 /* Sources */ = {
			isa = PBXSourcesBuildPhase;
			buildActionMask = 2147483647;
			files = (
				A0949EDC2819015C00460EF1 /* ChefRecipesModel.swift in Sources */,
				A0949ECA281900B600460EF1 /* ContentView.swift in Sources */,
				A0949EC8281900B600460EF1 /* SwiftUI_SearchApp.swift in Sources */,
				A0949EDF2819019600460EF1 /* IngredientView.swift in Sources */,
				A0949ED82819014100460EF1 /* Ingredient.swift in Sources */,
				A0949EE12819019F00460EF1 /* RecipeImage.swift in Sources */,
				A0949EDA2819014E00460EF1 /* Recipe.swift in Sources */,
				A0949EE5281901BB00460EF1 /* RecipesView.swift in Sources */,
				A0949EE3281901A700460EF1 /* RecipeDetailView.swift in Sources */,
			);
			runOnlyForDeploymentPostprocessing = 0;
		};
/* End PBXSourcesBuildPhase section */

/* Begin XCBuildConfiguration section */
		A0949ED0281900B700460EF1 /* Debug */ = {
			isa = XCBuildConfiguration;
			buildSettings = {
				ALWAYS_SEARCH_USER_PATHS = NO;
				CLANG_ANALYZER_NONNULL = YES;
				CLANG_ANALYZER_NUMBER_OBJECT_CONVERSION = YES_AGGRESSIVE;
				CLANG_CXX_LANGUAGE_STANDARD = "gnu++17";
				CLANG_ENABLE_MODULES = YES;
				CLANG_ENABLE_OBJC_ARC = YES;
				CLANG_ENABLE_OBJC_WEAK = YES;
				CLANG_WARN_BLOCK_CAPTURE_AUTORELEASING = YES;
				CLANG_WARN_BOOL_CONVERSION = YES;
				CLANG_WARN_COMMA = YES;
				CLANG_WARN_CONSTANT_CONVERSION = YES;
				CLANG_WARN_DEPRECATED_OBJC_IMPLEMENTATIONS = YES;
				CLANG_WARN_DIRECT_OBJC_ISA_USAGE = YES_ERROR;
				CLANG_WARN_DOCUMENTATION_COMMENTS = YES;
				CLANG_WARN_EMPTY_BODY = YES;
				CLANG_WARN_ENUM_CONVERSION = YES;
				CLANG_WARN_INFINITE_RECURSION = YES;
				CLANG_WARN_INT_CONVERSION = YES;
				CLANG_WARN_NON_LITERAL_NULL_CONVERSION = YES;
				CLANG_WARN_OBJC_IMPLICIT_RETAIN_SELF = YES;
				CLANG_WARN_OBJC_LITERAL_CONVERSION = YES;
				CLANG_WARN_OBJC_ROOT_CLASS = YES_ERROR;
				CLANG_WARN_QUOTED_INCLUDE_IN_FRAMEWORK_HEADER = YES;
				CLANG_WARN_RANGE_LOOP_ANALYSIS = YES;
				CLANG_WARN_STRICT_PROTOTYPES = YES;
				CLANG_WARN_SUSPICIOUS_MOVE = YES;
				CLANG_WARN_UNGUARDED_AVAILABILITY = YES_AGGRESSIVE;
				CLANG_WARN_UNREACHABLE_CODE = YES;
				CLANG_WARN__DUPLICATE_METHOD_MATCH = YES;
				COPY_PHASE_STRIP = NO;
				DEBUG_INFORMATION_FORMAT = dwarf;
				ENABLE_STRICT_OBJC_MSGSEND = YES;
				ENABLE_TESTABILITY = YES;
				GCC_C_LANGUAGE_STANDARD = gnu11;
				GCC_DYNAMIC_NO_PIC = NO;
				GCC_NO_COMMON_BLOCKS = YES;
				GCC_OPTIMIZATION_LEVEL = 0;
				GCC_PREPROCESSOR_DEFINITIONS = (
					"DEBUG=1",
					"$(inherited)",
				);
				GCC_WARN_64_TO_32_BIT_CONVERSION = YES;
				GCC_WARN_ABOUT_RETURN_TYPE = YES_ERROR;
				GCC_WARN_UNDECLARED_SELECTOR = YES;
				GCC_WARN_UNINITIALIZED_AUTOS = YES_AGGRESSIVE;
				GCC_WARN_UNUSED_FUNCTION = YES;
				GCC_WARN_UNUSED_VARIABLE = YES;
				IPHONEOS_DEPLOYMENT_TARGET = 15.4;
				MTL_ENABLE_DEBUG_INFO = INCLUDE_SOURCE;
				MTL_FAST_MATH = YES;
				ONLY_ACTIVE_ARCH = YES;
				SDKROOT = iphoneos;
				SWIFT_ACTIVE_COMPILATION_CONDITIONS = DEBUG;
				SWIFT_OPTIMIZATION_LEVEL = "-Onone";
			};
			name = Debug;
		};
		A0949ED1281900B700460EF1 /* Release */ = {
			isa = XCBuildConfiguration;
			buildSettings = {
				ALWAYS_SEARCH_USER_PATHS = NO;
				CLANG_ANALYZER_NONNULL = YES;
				CLANG_ANALYZER_NUMBER_OBJECT_CONVERSION = YES_AGGRESSIVE;
				CLANG_CXX_LANGUAGE_STANDARD = "gnu++17";
				CLANG_ENABLE_MODULES = YES;
				CLANG_ENABLE_OBJC_ARC = YES;
				CLANG_ENABLE_OBJC_WEAK = YES;
				CLANG_WARN_BLOCK_CAPTURE_AUTORELEASING = YES;
				CLANG_WARN_BOOL_CONVERSION = YES;
				CLANG_WARN_COMMA = YES;
				CLANG_WARN_CONSTANT_CONVERSION = YES;
				CLANG_WARN_DEPRECATED_OBJC_IMPLEMENTATIONS = YES;
				CLANG_WARN_DIRECT_OBJC_ISA_USAGE = YES_ERROR;
				CLANG_WARN_DOCUMENTATION_COMMENTS = YES;
				CLANG_WARN_EMPTY_BODY = YES;
				CLANG_WARN_ENUM_CONVERSION = YES;
				CLANG_WARN_INFINITE_RECURSION = YES;
				CLANG_WARN_INT_CONVERSION = YES;
				CLANG_WARN_NON_LITERAL_NULL_CONVERSION = YES;
				CLANG_WARN_OBJC_IMPLICIT_RETAIN_SELF = YES;
				CLANG_WARN_OBJC_LITERAL_CONVERSION = YES;
				CLANG_WARN_OBJC_ROOT_CLASS = YES_ERROR;
				CLANG_WARN_QUOTED_INCLUDE_IN_FRAMEWORK_HEADER = YES;
				CLANG_WARN_RANGE_LOOP_ANALYSIS = YES;
				CLANG_WARN_STRICT_PROTOTYPES = YES;
				CLANG_WARN_SUSPICIOUS_MOVE = YES;
				CLANG_WARN_UNGUARDED_AVAILABILITY = YES_AGGRESSIVE;
				CLANG_WARN_UNREACHABLE_CODE = YES;
				CLANG_WARN__DUPLICATE_METHOD_MATCH = YES;
				COPY_PHASE_STRIP = NO;
				DEBUG_INFORMATION_FORMAT = "dwarf-with-dsym";
				ENABLE_NS_ASSERTIONS = NO;
				ENABLE_STRICT_OBJC_MSGSEND = YES;
				GCC_C_LANGUAGE_STANDARD = gnu11;
				GCC_NO_COMMON_BLOCKS = YES;
				GCC_WARN_64_TO_32_BIT_CONVERSION = YES;
				GCC_WARN_ABOUT_RETURN_TYPE = YES_ERROR;
				GCC_WARN_UNDECLARED_SELECTOR = YES;
				GCC_WARN_UNINITIALIZED_AUTOS = YES_AGGRESSIVE;
				GCC_WARN_UNUSED_FUNCTION = YES;
				GCC_WARN_UNUSED_VARIABLE = YES;
				IPHONEOS_DEPLOYMENT_TARGET = 15.4;
				MTL_ENABLE_DEBUG_INFO = NO;
				MTL_FAST_MATH = YES;
				SDKROOT = iphoneos;
				SWIFT_COMPILATION_MODE = wholemodule;
				SWIFT_OPTIMIZATION_LEVEL = "-O";
				VALIDATE_PRODUCT = YES;
			};
			name = Release;
		};
		A0949ED3281900B700460EF1 /* Debug */ = {
			isa = XCBuildConfiguration;
			buildSettings = {
				ASSETCATALOG_COMPILER_APPICON_NAME = AppIcon;
				ASSETCATALOG_COMPILER_GLOBAL_ACCENT_COLOR_NAME = AccentColor;
				CODE_SIGN_STYLE = Automatic;
				CURRENT_PROJECT_VERSION = 1;
				DEVELOPMENT_ASSET_PATHS = "\"SwiftUI_Search/Preview Content\"";
				DEVELOPMENT_TEAM = HM9J3DG5MT;
				ENABLE_PREVIEWS = YES;
				GENERATE_INFOPLIST_FILE = YES;
				INFOPLIST_KEY_UIApplicationSceneManifest_Generation = YES;
				INFOPLIST_KEY_UIApplicationSupportsIndirectInputEvents = YES;
				INFOPLIST_KEY_UILaunchScreen_Generation = YES;
				INFOPLIST_KEY_UISupportedInterfaceOrientations_iPad = "UIInterfaceOrientationPortrait UIInterfaceOrientationPortraitUpsideDown UIInterfaceOrientationLandscapeLeft UIInterfaceOrientationLandscapeRight";
				INFOPLIST_KEY_UISupportedInterfaceOrientations_iPhone = "UIInterfaceOrientationPortrait UIInterfaceOrientationLandscapeLeft UIInterfaceOrientationLandscapeRight";
				LD_RUNPATH_SEARCH_PATHS = (
					"$(inherited)",
					"@executable_path/Frameworks",
				);
				MARKETING_VERSION = 1.0;
				PRODUCT_BUNDLE_IDENTIFIER = "com.soduma.SwiftUI-Search";
				PRODUCT_NAME = "$(TARGET_NAME)";
				SWIFT_EMIT_LOC_STRINGS = YES;
				SWIFT_VERSION = 5.0;
				TARGETED_DEVICE_FAMILY = "1,2";
			};
			name = Debug;
		};
		A0949ED4281900B700460EF1 /* Release */ = {
			isa = XCBuildConfiguration;
			buildSettings = {
				ASSETCATALOG_COMPILER_APPICON_NAME = AppIcon;
				ASSETCATALOG_COMPILER_GLOBAL_ACCENT_COLOR_NAME = AccentColor;
				CODE_SIGN_STYLE = Automatic;
				CURRENT_PROJECT_VERSION = 1;
				DEVELOPMENT_ASSET_PATHS = "\"SwiftUI_Search/Preview Content\"";
				DEVELOPMENT_TEAM = HM9J3DG5MT;
				ENABLE_PREVIEWS = YES;
				GENERATE_INFOPLIST_FILE = YES;
				INFOPLIST_KEY_UIApplicationSceneManifest_Generation = YES;
				INFOPLIST_KEY_UIApplicationSupportsIndirectInputEvents = YES;
				INFOPLIST_KEY_UILaunchScreen_Generation = YES;
				INFOPLIST_KEY_UISupportedInterfaceOrientations_iPad = "UIInterfaceOrientationPortrait UIInterfaceOrientationPortraitUpsideDown UIInterfaceOrientationLandscapeLeft UIInterfaceOrientationLandscapeRight";
				INFOPLIST_KEY_UISupportedInterfaceOrientations_iPhone = "UIInterfaceOrientationPortrait UIInterfaceOrientationLandscapeLeft UIInterfaceOrientationLandscapeRight";
				LD_RUNPATH_SEARCH_PATHS = (
					"$(inherited)",
					"@executable_path/Frameworks",
				);
				MARKETING_VERSION = 1.0;
				PRODUCT_BUNDLE_IDENTIFIER = "com.soduma.SwiftUI-Search";
				PRODUCT_NAME = "$(TARGET_NAME)";
				SWIFT_EMIT_LOC_STRINGS = YES;
				SWIFT_VERSION = 5.0;
				TARGETED_DEVICE_FAMILY = "1,2";
			};
			name = Release;
		};
/* End XCBuildConfiguration section */

/* Begin XCConfigurationList section */
		A0949EBF281900B600460EF1 /* Build configuration list for PBXProject "SwiftUI_Search" */ = {
			isa = XCConfigurationList;
			buildConfigurations = (
				A0949ED0281900B700460EF1 /* Debug */,
				A0949ED1281900B700460EF1 /* Release */,
			);
			defaultConfigurationIsVisible = 0;
			defaultConfigurationName = Release;
		};
		A0949ED2281900B700460EF1 /* Build configuration list for PBXNativeTarget "SwiftUI_Search" */ = {
			isa = XCConfigurationList;
			buildConfigurations = (
				A0949ED3281900B700460EF1 /* Debug */,
				A0949ED4281900B700460EF1 /* Release */,
			);
			defaultConfigurationIsVisible = 0;
			defaultConfigurationName = Release;
		};
/* End XCConfigurationList section */
	};
	rootObject = A0949EBC281900B600460EF1 /* Project object */;
}
